// !$*UTF8*$!
{
	archiveVersion = 1;
	classes = {
	};
	objectVersion = 56;
	objects = {

/* Begin PBXBuildFile section */
		AFB956DA5C3B590E39138D8F /* Pods_ios_webrtc.framework in Frameworks */ = {isa = PBXBuildFile; fileRef = 37AC77AAAE5BEB44FDE04619 /* Pods_ios_webrtc.framework */; };
		F13351342C7DD8EB00B70767 /* CreateChatRoomView.swift in Sources */ = {isa = PBXBuildFile; fileRef = F13351332C7DD8EB00B70767 /* CreateChatRoomView.swift */; };
		F13351362C7DD91E00B70767 /* JoinChatRoomView.swift in Sources */ = {isa = PBXBuildFile; fileRef = F13351352C7DD91E00B70767 /* JoinChatRoomView.swift */; };
		F13351382C7DD97B00B70767 /* PickParticipantView.swift in Sources */ = {isa = PBXBuildFile; fileRef = F13351372C7DD97B00B70767 /* PickParticipantView.swift */; };
		F133513B2C7DDA2300B70767 /* ChatRoom.swift in Sources */ = {isa = PBXBuildFile; fileRef = F133513A2C7DDA2300B70767 /* ChatRoom.swift */; };
		F133513D2C7DDA9000B70767 /* FirebaseKeys.swift in Sources */ = {isa = PBXBuildFile; fileRef = F133513C2C7DDA9000B70767 /* FirebaseKeys.swift */; };
		F133513F2C7DDABC00B70767 /* VideoChatRepository.swift in Sources */ = {isa = PBXBuildFile; fileRef = F133513E2C7DDABC00B70767 /* VideoChatRepository.swift */; };
		F15069632C79398C00CA5989 /* IosWebRTCApp.swift in Sources */ = {isa = PBXBuildFile; fileRef = F15069622C79398C00CA5989 /* IosWebRTCApp.swift */; };
		F15069652C79398C00CA5989 /* ContentView.swift in Sources */ = {isa = PBXBuildFile; fileRef = F15069642C79398C00CA5989 /* ContentView.swift */; };
		F15069672C79398D00CA5989 /* Assets.xcassets in Resources */ = {isa = PBXBuildFile; fileRef = F15069662C79398D00CA5989 /* Assets.xcassets */; };
		F150696A2C79398D00CA5989 /* Preview Assets.xcassets in Resources */ = {isa = PBXBuildFile; fileRef = F15069692C79398D00CA5989 /* Preview Assets.xcassets */; };
		F1A0B3CF2C7A08C100827F23 /* WebRTCManager.swift in Sources */ = {isa = PBXBuildFile; fileRef = F1A0B3CE2C7A08C100827F23 /* WebRTCManager.swift */; };
		F1A0B3D12C7A09E300827F23 /* CallManeger.swift in Sources */ = {isa = PBXBuildFile; fileRef = F1A0B3D02C7A09E300827F23 /* CallManeger.swift */; };
		F1A0B3D32C7A0B2600827F23 /* Config.swift in Sources */ = {isa = PBXBuildFile; fileRef = F1A0B3D22C7A0B2600827F23 /* Config.swift */; };
		F1A0B3D52C7A0B5600827F23 /* SessionDescription.swift in Sources */ = {isa = PBXBuildFile; fileRef = F1A0B3D42C7A0B5600827F23 /* SessionDescription.swift */; };
		F1A0B3D72C7A0BA500827F23 /* SignalingClient.swift in Sources */ = {isa = PBXBuildFile; fileRef = F1A0B3D62C7A0BA500827F23 /* SignalingClient.swift */; };
		F1A0B3D92C7A0BF300827F23 /* IceCandidate.swift in Sources */ = {isa = PBXBuildFile; fileRef = F1A0B3D82C7A0BF300827F23 /* IceCandidate.swift */; };
		F1A0B3DB2C7A0C1200827F23 /* WebRTCClient.swift in Sources */ = {isa = PBXBuildFile; fileRef = F1A0B3DA2C7A0C1200827F23 /* WebRTCClient.swift */; };
		F1A0B3DD2C7A0CEF00827F23 /* ParticipantView.swift in Sources */ = {isa = PBXBuildFile; fileRef = F1A0B3DC2C7A0CEF00827F23 /* ParticipantView.swift */; };
		F1A0B3DF2C7A111A00827F23 /* ParticipantViewModel.swift in Sources */ = {isa = PBXBuildFile; fileRef = F1A0B3DE2C7A111A00827F23 /* ParticipantViewModel.swift */; };
		F1A0B3E12C7A180B00827F23 /* RtcVideoView.swift in Sources */ = {isa = PBXBuildFile; fileRef = F1A0B3E02C7A180B00827F23 /* RtcVideoView.swift */; };
/* End PBXBuildFile section */

/* Begin PBXFileReference section */
		37AC77AAAE5BEB44FDE04619 /* Pods_ios_webrtc.framework */ = {isa = PBXFileReference; explicitFileType = wrapper.framework; includeInIndex = 0; path = Pods_ios_webrtc.framework; sourceTree = BUILT_PRODUCTS_DIR; };
		CECFF5C23FAAF1305E4B9D33 /* Pods-ios-webrtc.release.xcconfig */ = {isa = PBXFileReference; includeInIndex = 1; lastKnownFileType = text.xcconfig; name = "Pods-ios-webrtc.release.xcconfig"; path = "Target Support Files/Pods-ios-webrtc/Pods-ios-webrtc.release.xcconfig"; sourceTree = "<group>"; };
		E7A9C709E1485607E7AB6032 /* Pods-ios-webrtc.debug.xcconfig */ = {isa = PBXFileReference; includeInIndex = 1; lastKnownFileType = text.xcconfig; name = "Pods-ios-webrtc.debug.xcconfig"; path = "Target Support Files/Pods-ios-webrtc/Pods-ios-webrtc.debug.xcconfig"; sourceTree = "<group>"; };
		F13351332C7DD8EB00B70767 /* CreateChatRoomView.swift */ = {isa = PBXFileReference; lastKnownFileType = sourcecode.swift; path = CreateChatRoomView.swift; sourceTree = "<group>"; };
		F13351352C7DD91E00B70767 /* JoinChatRoomView.swift */ = {isa = PBXFileReference; lastKnownFileType = sourcecode.swift; path = JoinChatRoomView.swift; sourceTree = "<group>"; };
		F13351372C7DD97B00B70767 /* PickParticipantView.swift */ = {isa = PBXFileReference; lastKnownFileType = sourcecode.swift; path = PickParticipantView.swift; sourceTree = "<group>"; };
		F133513A2C7DDA2300B70767 /* ChatRoom.swift */ = {isa = PBXFileReference; lastKnownFileType = sourcecode.swift; path = ChatRoom.swift; sourceTree = "<group>"; };
		F133513C2C7DDA9000B70767 /* FirebaseKeys.swift */ = {isa = PBXFileReference; lastKnownFileType = sourcecode.swift; path = FirebaseKeys.swift; sourceTree = "<group>"; };
		F133513E2C7DDABC00B70767 /* VideoChatRepository.swift */ = {isa = PBXFileReference; lastKnownFileType = sourcecode.swift; path = VideoChatRepository.swift; sourceTree = "<group>"; };
		F150695F2C79398C00CA5989 /* ios-webrtc.app */ = {isa = PBXFileReference; explicitFileType = wrapper.application; includeInIndex = 0; path = "ios-webrtc.app"; sourceTree = BUILT_PRODUCTS_DIR; };
		F15069622C79398C00CA5989 /* IosWebRTCApp.swift */ = {isa = PBXFileReference; lastKnownFileType = sourcecode.swift; path = IosWebRTCApp.swift; sourceTree = "<group>"; };
		F15069642C79398C00CA5989 /* ContentView.swift */ = {isa = PBXFileReference; lastKnownFileType = sourcecode.swift; path = ContentView.swift; sourceTree = "<group>"; };
		F15069662C79398D00CA5989 /* Assets.xcassets */ = {isa = PBXFileReference; lastKnownFileType = folder.assetcatalog; path = Assets.xcassets; sourceTree = "<group>"; };
		F15069692C79398D00CA5989 /* Preview Assets.xcassets */ = {isa = PBXFileReference; lastKnownFileType = folder.assetcatalog; path = "Preview Assets.xcassets"; sourceTree = "<group>"; };
		F1A0B3CD2C79445F00827F23 /* Info.plist */ = {isa = PBXFileReference; lastKnownFileType = text.plist; path = Info.plist; sourceTree = "<group>"; };
		F1A0B3CE2C7A08C100827F23 /* WebRTCManager.swift */ = {isa = PBXFileReference; lastKnownFileType = sourcecode.swift; path = WebRTCManager.swift; sourceTree = "<group>"; };
		F1A0B3D02C7A09E300827F23 /* CallManeger.swift */ = {isa = PBXFileReference; lastKnownFileType = sourcecode.swift; path = CallManeger.swift; sourceTree = "<group>"; };
		F1A0B3D22C7A0B2600827F23 /* Config.swift */ = {isa = PBXFileReference; lastKnownFileType = sourcecode.swift; path = Config.swift; sourceTree = "<group>"; };
		F1A0B3D42C7A0B5600827F23 /* SessionDescription.swift */ = {isa = PBXFileReference; lastKnownFileType = sourcecode.swift; path = SessionDescription.swift; sourceTree = "<group>"; };
		F1A0B3D62C7A0BA500827F23 /* SignalingClient.swift */ = {isa = PBXFileReference; lastKnownFileType = sourcecode.swift; path = SignalingClient.swift; sourceTree = "<group>"; };
		F1A0B3D82C7A0BF300827F23 /* IceCandidate.swift */ = {isa = PBXFileReference; lastKnownFileType = sourcecode.swift; path = IceCandidate.swift; sourceTree = "<group>"; };
		F1A0B3DA2C7A0C1200827F23 /* WebRTCClient.swift */ = {isa = PBXFileReference; lastKnownFileType = sourcecode.swift; path = WebRTCClient.swift; sourceTree = "<group>"; };
		F1A0B3DC2C7A0CEF00827F23 /* ParticipantView.swift */ = {isa = PBXFileReference; lastKnownFileType = sourcecode.swift; path = ParticipantView.swift; sourceTree = "<group>"; };
		F1A0B3DE2C7A111A00827F23 /* ParticipantViewModel.swift */ = {isa = PBXFileReference; lastKnownFileType = sourcecode.swift; path = ParticipantViewModel.swift; sourceTree = "<group>"; };
		F1A0B3E02C7A180B00827F23 /* RtcVideoView.swift */ = {isa = PBXFileReference; lastKnownFileType = sourcecode.swift; path = RtcVideoView.swift; sourceTree = "<group>"; };
/* End PBXFileReference section */

/* Begin PBXFrameworksBuildPhase section */
		F150695C2C79398C00CA5989 /* Frameworks */ = {
			isa = PBXFrameworksBuildPhase;
			buildActionMask = 2147483647;
			files = (
				AFB956DA5C3B590E39138D8F /* Pods_ios_webrtc.framework in Frameworks */,
			);
			runOnlyForDeploymentPostprocessing = 0;
		};
/* End PBXFrameworksBuildPhase section */

/* Begin PBXGroup section */
		5DF59C621EF8C86FEDE7AAB7 /* Frameworks */ = {
			isa = PBXGroup;
			children = (
				37AC77AAAE5BEB44FDE04619 /* Pods_ios_webrtc.framework */,
			);
			name = Frameworks;
			sourceTree = "<group>";
		};
		87A27FF8511661F2A6987CC7 /* Pods */ = {
			isa = PBXGroup;
			children = (
				E7A9C709E1485607E7AB6032 /* Pods-ios-webrtc.debug.xcconfig */,
				CECFF5C23FAAF1305E4B9D33 /* Pods-ios-webrtc.release.xcconfig */,
			);
			path = Pods;
			sourceTree = "<group>";
		};
		F13351392C7DD9F600B70767 /* Data */ = {
			isa = PBXGroup;
			children = (
				F133513A2C7DDA2300B70767 /* ChatRoom.swift */,
				F133513C2C7DDA9000B70767 /* FirebaseKeys.swift */,
				F133513E2C7DDABC00B70767 /* VideoChatRepository.swift */,
			);
			path = Data;
			sourceTree = "<group>";
		};
		F13351402C7DDAEC00B70767 /* WebRTC */ = {
			isa = PBXGroup;
			children = (
				F1A0B3CE2C7A08C100827F23 /* WebRTCManager.swift */,
				F1A0B3DA2C7A0C1200827F23 /* WebRTCClient.swift */,
				F1A0B3D62C7A0BA500827F23 /* SignalingClient.swift */,
				F1A0B3D82C7A0BF300827F23 /* IceCandidate.swift */,
				F1A0B3D22C7A0B2600827F23 /* Config.swift */,
				F1A0B3D42C7A0B5600827F23 /* SessionDescription.swift */,
			);
			path = WebRTC;
			sourceTree = "<group>";
		};
		F15069562C79398C00CA5989 = {
			isa = PBXGroup;
			children = (
				F15069612C79398C00CA5989 /* ios-webrtc */,
				F15069602C79398C00CA5989 /* Products */,
				87A27FF8511661F2A6987CC7 /* Pods */,
				5DF59C621EF8C86FEDE7AAB7 /* Frameworks */,
			);
			sourceTree = "<group>";
		};
		F15069602C79398C00CA5989 /* Products */ = {
			isa = PBXGroup;
			children = (
				F150695F2C79398C00CA5989 /* ios-webrtc.app */,
			);
			name = Products;
			sourceTree = "<group>";
		};
		F15069612C79398C00CA5989 /* ios-webrtc */ = {
			isa = PBXGroup;
			children = (
				F13351402C7DDAEC00B70767 /* WebRTC */,
				F13351392C7DD9F600B70767 /* Data */,
				F1A0B3CD2C79445F00827F23 /* Info.plist */,
				F15069622C79398C00CA5989 /* IosWebRTCApp.swift */,
				F15069642C79398C00CA5989 /* ContentView.swift */,
				F15069662C79398D00CA5989 /* Assets.xcassets */,
				F15069682C79398D00CA5989 /* Preview Content */,
				F1A0B3D02C7A09E300827F23 /* CallManeger.swift */,
				F1A0B3DC2C7A0CEF00827F23 /* ParticipantView.swift */,
				F1A0B3DE2C7A111A00827F23 /* ParticipantViewModel.swift */,
				F1A0B3E02C7A180B00827F23 /* RtcVideoView.swift */,
				F13351332C7DD8EB00B70767 /* CreateChatRoomView.swift */,
				F13351352C7DD91E00B70767 /* JoinChatRoomView.swift */,
				F13351372C7DD97B00B70767 /* PickParticipantView.swift */,
			);
			path = "ios-webrtc";
			sourceTree = "<group>";
		};
		F15069682C79398D00CA5989 /* Preview Content */ = {
			isa = PBXGroup;
			children = (
				F15069692C79398D00CA5989 /* Preview Assets.xcassets */,
			);
			path = "Preview Content";
			sourceTree = "<group>";
		};
/* End PBXGroup section */

/* Begin PBXNativeTarget section */
		F150695E2C79398C00CA5989 /* ios-webrtc */ = {
			isa = PBXNativeTarget;
			buildConfigurationList = F150696D2C79398D00CA5989 /* Build configuration list for PBXNativeTarget "ios-webrtc" */;
			buildPhases = (
				71EAE5FF1C91362592E027C0 /* [CP] Check Pods Manifest.lock */,
				F150695B2C79398C00CA5989 /* Sources */,
				F150695C2C79398C00CA5989 /* Frameworks */,
				F150695D2C79398C00CA5989 /* Resources */,
				23D6BD251CE2D1A9C36C3835 /* [CP] Embed Pods Frameworks */,
				C7B8792E9A667E068DA0607E /* [CP] Copy Pods Resources */,
			);
			buildRules = (
			);
			dependencies = (
			);
			name = "ios-webrtc";
			productName = "ios-webrtc";
			productReference = F150695F2C79398C00CA5989 /* ios-webrtc.app */;
			productType = "com.apple.product-type.application";
		};
/* End PBXNativeTarget section */

/* Begin PBXProject section */
		F15069572C79398C00CA5989 /* Project object */ = {
			isa = PBXProject;
			attributes = {
				BuildIndependentTargetsInParallel = 1;
				LastSwiftUpdateCheck = 1540;
				LastUpgradeCheck = 1540;
				TargetAttributes = {
					F150695E2C79398C00CA5989 = {
						CreatedOnToolsVersion = 15.4;
					};
				};
			};
			buildConfigurationList = F150695A2C79398C00CA5989 /* Build configuration list for PBXProject "ios-webrtc" */;
			compatibilityVersion = "Xcode 14.0";
			developmentRegion = en;
			hasScannedForEncodings = 0;
			knownRegions = (
				en,
				Base,
			);
			mainGroup = F15069562C79398C00CA5989;
			productRefGroup = F15069602C79398C00CA5989 /* Products */;
			projectDirPath = "";
			projectRoot = "";
			targets = (
				F150695E2C79398C00CA5989 /* ios-webrtc */,
			);
		};
/* End PBXProject section */

/* Begin PBXResourcesBuildPhase section */
		F150695D2C79398C00CA5989 /* Resources */ = {
			isa = PBXResourcesBuildPhase;
			buildActionMask = 2147483647;
			files = (
				F150696A2C79398D00CA5989 /* Preview Assets.xcassets in Resources */,
				F15069672C79398D00CA5989 /* Assets.xcassets in Resources */,
			);
			runOnlyForDeploymentPostprocessing = 0;
		};
/* End PBXResourcesBuildPhase section */

/* Begin PBXShellScriptBuildPhase section */
		23D6BD251CE2D1A9C36C3835 /* [CP] Embed Pods Frameworks */ = {
			isa = PBXShellScriptBuildPhase;
			buildActionMask = 2147483647;
			files = (
			);
			inputFileListPaths = (
				"${PODS_ROOT}/Target Support Files/Pods-ios-webrtc/Pods-ios-webrtc-frameworks-${CONFIGURATION}-input-files.xcfilelist",
			);
			name = "[CP] Embed Pods Frameworks";
			outputFileListPaths = (
				"${PODS_ROOT}/Target Support Files/Pods-ios-webrtc/Pods-ios-webrtc-frameworks-${CONFIGURATION}-output-files.xcfilelist",
			);
			runOnlyForDeploymentPostprocessing = 0;
			shellPath = /bin/sh;
			shellScript = "\"${PODS_ROOT}/Target Support Files/Pods-ios-webrtc/Pods-ios-webrtc-frameworks.sh\"\n";
			showEnvVarsInLog = 0;
		};
		71EAE5FF1C91362592E027C0 /* [CP] Check Pods Manifest.lock */ = {
			isa = PBXShellScriptBuildPhase;
			buildActionMask = 2147483647;
			files = (
			);
			inputFileListPaths = (
			);
			inputPaths = (
				"${PODS_PODFILE_DIR_PATH}/Podfile.lock",
				"${PODS_ROOT}/Manifest.lock",
			);
			name = "[CP] Check Pods Manifest.lock";
			outputFileListPaths = (
			);
			outputPaths = (
				"$(DERIVED_FILE_DIR)/Pods-ios-webrtc-checkManifestLockResult.txt",
			);
			runOnlyForDeploymentPostprocessing = 0;
			shellPath = /bin/sh;
			shellScript = "diff \"${PODS_PODFILE_DIR_PATH}/Podfile.lock\" \"${PODS_ROOT}/Manifest.lock\" > /dev/null\nif [ $? != 0 ] ; then\n    # print error to STDERR\n    echo \"error: The sandbox is not in sync with the Podfile.lock. Run 'pod install' or update your CocoaPods installation.\" >&2\n    exit 1\nfi\n# This output is used by Xcode 'outputs' to avoid re-running this script phase.\necho \"SUCCESS\" > \"${SCRIPT_OUTPUT_FILE_0}\"\n";
			showEnvVarsInLog = 0;
		};
		C7B8792E9A667E068DA0607E /* [CP] Copy Pods Resources */ = {
			isa = PBXShellScriptBuildPhase;
			buildActionMask = 2147483647;
			files = (
			);
			inputFileListPaths = (
				"${PODS_ROOT}/Target Support Files/Pods-ios-webrtc/Pods-ios-webrtc-resources-${CONFIGURATION}-input-files.xcfilelist",
			);
			name = "[CP] Copy Pods Resources";
			outputFileListPaths = (
				"${PODS_ROOT}/Target Support Files/Pods-ios-webrtc/Pods-ios-webrtc-resources-${CONFIGURATION}-output-files.xcfilelist",
			);
			runOnlyForDeploymentPostprocessing = 0;
			shellPath = /bin/sh;
			shellScript = "\"${PODS_ROOT}/Target Support Files/Pods-ios-webrtc/Pods-ios-webrtc-resources.sh\"\n";
			showEnvVarsInLog = 0;
		};
/* End PBXShellScriptBuildPhase section */

/* Begin PBXSourcesBuildPhase section */
		F150695B2C79398C00CA5989 /* Sources */ = {
			isa = PBXSourcesBuildPhase;
			buildActionMask = 2147483647;
			files = (
				F133513D2C7DDA9000B70767 /* FirebaseKeys.swift in Sources */,
				F13351342C7DD8EB00B70767 /* CreateChatRoomView.swift in Sources */,
				F1A0B3E12C7A180B00827F23 /* RtcVideoView.swift in Sources */,
				F1A0B3D72C7A0BA500827F23 /* SignalingClient.swift in Sources */,
				F1A0B3DF2C7A111A00827F23 /* ParticipantViewModel.swift in Sources */,
				F15069652C79398C00CA5989 /* ContentView.swift in Sources */,
				F1A0B3D52C7A0B5600827F23 /* SessionDescription.swift in Sources */,
				F133513B2C7DDA2300B70767 /* ChatRoom.swift in Sources */,
				F1A0B3D92C7A0BF300827F23 /* IceCandidate.swift in Sources */,
				F13351362C7DD91E00B70767 /* JoinChatRoomView.swift in Sources */,
				F1A0B3DD2C7A0CEF00827F23 /* ParticipantView.swift in Sources */,
				F1A0B3CF2C7A08C100827F23 /* WebRTCManager.swift in Sources */,
				F1A0B3DB2C7A0C1200827F23 /* WebRTCClient.swift in Sources */,
				F1A0B3D32C7A0B2600827F23 /* Config.swift in Sources */,
				F13351382C7DD97B00B70767 /* PickParticipantView.swift in Sources */,
				F15069632C79398C00CA5989 /* IosWebRTCApp.swift in Sources */,
				F1A0B3D12C7A09E300827F23 /* CallManeger.swift in Sources */,
				F133513F2C7DDABC00B70767 /* VideoChatRepository.swift in Sources */,
			);
			runOnlyForDeploymentPostprocessing = 0;
		};
/* End PBXSourcesBuildPhase section */

/* Begin XCBuildConfiguration section */
		F150696B2C79398D00CA5989 /* Debug */ = {
			isa = XCBuildConfiguration;
			buildSettings = {
				ALWAYS_SEARCH_USER_PATHS = NO;
				ASSETCATALOG_COMPILER_GENERATE_SWIFT_ASSET_SYMBOL_EXTENSIONS = YES;
				CLANG_ANALYZER_NONNULL = YES;
				CLANG_ANALYZER_NUMBER_OBJECT_CONVERSION = YES_AGGRESSIVE;
				CLANG_CXX_LANGUAGE_STANDARD = "gnu++20";
				CLANG_ENABLE_MODULES = YES;
				CLANG_ENABLE_OBJC_ARC = YES;
				CLANG_ENABLE_OBJC_WEAK = YES;
				CLANG_WARN_BLOCK_CAPTURE_AUTORELEASING = YES;
				CLANG_WARN_BOOL_CONVERSION = YES;
				CLANG_WARN_COMMA = YES;
				CLANG_WARN_CONSTANT_CONVERSION = YES;
				CLANG_WARN_DEPRECATED_OBJC_IMPLEMENTATIONS = YES;
				CLANG_WARN_DIRECT_OBJC_ISA_USAGE = YES_ERROR;
				CLANG_WARN_DOCUMENTATION_COMMENTS = YES;
				CLANG_WARN_EMPTY_BODY = YES;
				CLANG_WARN_ENUM_CONVERSION = YES;
				CLANG_WARN_INFINITE_RECURSION = YES;
				CLANG_WARN_INT_CONVERSION = YES;
				CLANG_WARN_NON_LITERAL_NULL_CONVERSION = YES;
				CLANG_WARN_OBJC_IMPLICIT_RETAIN_SELF = YES;
				CLANG_WARN_OBJC_LITERAL_CONVERSION = YES;
				CLANG_WARN_OBJC_ROOT_CLASS = YES_ERROR;
				CLANG_WARN_QUOTED_INCLUDE_IN_FRAMEWORK_HEADER = YES;
				CLANG_WARN_RANGE_LOOP_ANALYSIS = YES;
				CLANG_WARN_STRICT_PROTOTYPES = YES;
				CLANG_WARN_SUSPICIOUS_MOVE = YES;
				CLANG_WARN_UNGUARDED_AVAILABILITY = YES_AGGRESSIVE;
				CLANG_WARN_UNREACHABLE_CODE = YES;
				CLANG_WARN__DUPLICATE_METHOD_MATCH = YES;
				COPY_PHASE_STRIP = NO;
				DEBUG_INFORMATION_FORMAT = dwarf;
				ENABLE_STRICT_OBJC_MSGSEND = YES;
				ENABLE_TESTABILITY = YES;
				ENABLE_USER_SCRIPT_SANDBOXING = NO;
				EXCLUDED_ARCHS = "";
				"EXCLUDED_ARCHS[sdk=*]" = "";
				"EXCLUDED_ARCHS[sdk=iphonesimulator*]" = arm64;
				GCC_C_LANGUAGE_STANDARD = gnu17;
				GCC_DYNAMIC_NO_PIC = NO;
				GCC_NO_COMMON_BLOCKS = YES;
				GCC_OPTIMIZATION_LEVEL = 0;
				GCC_PREPROCESSOR_DEFINITIONS = (
					"DEBUG=1",
					"$(inherited)",
				);
				GCC_WARN_64_TO_32_BIT_CONVERSION = YES;
				GCC_WARN_ABOUT_RETURN_TYPE = YES_ERROR;
				GCC_WARN_UNDECLARED_SELECTOR = YES;
				GCC_WARN_UNINITIALIZED_AUTOS = YES_AGGRESSIVE;
				GCC_WARN_UNUSED_FUNCTION = YES;
				GCC_WARN_UNUSED_VARIABLE = YES;
				IPHONEOS_DEPLOYMENT_TARGET = 17.5;
				LOCALIZATION_PREFERS_STRING_CATALOGS = YES;
				MTL_ENABLE_DEBUG_INFO = INCLUDE_SOURCE;
				MTL_FAST_MATH = YES;
				ONLY_ACTIVE_ARCH = YES;
				SDKROOT = iphoneos;
				SWIFT_ACTIVE_COMPILATION_CONDITIONS = "DEBUG $(inherited)";
				SWIFT_OPTIMIZATION_LEVEL = "-Onone";
			};
			name = Debug;
		};
		F150696C2C79398D00CA5989 /* Release */ = {
			isa = XCBuildConfiguration;
			buildSettings = {
				ALWAYS_SEARCH_USER_PATHS = NO;
				ASSETCATALOG_COMPILER_GENERATE_SWIFT_ASSET_SYMBOL_EXTENSIONS = YES;
				CLANG_ANALYZER_NONNULL = YES;
				CLANG_ANALYZER_NUMBER_OBJECT_CONVERSION = YES_AGGRESSIVE;
				CLANG_CXX_LANGUAGE_STANDARD = "gnu++20";
				CLANG_ENABLE_MODULES = YES;
				CLANG_ENABLE_OBJC_ARC = YES;
				CLANG_ENABLE_OBJC_WEAK = YES;
				CLANG_WARN_BLOCK_CAPTURE_AUTORELEASING = YES;
				CLANG_WARN_BOOL_CONVERSION = YES;
				CLANG_WARN_COMMA = YES;
				CLANG_WARN_CONSTANT_CONVERSION = YES;
				CLANG_WARN_DEPRECATED_OBJC_IMPLEMENTATIONS = YES;
				CLANG_WARN_DIRECT_OBJC_ISA_USAGE = YES_ERROR;
				CLANG_WARN_DOCUMENTATION_COMMENTS = YES;
				CLANG_WARN_EMPTY_BODY = YES;
				CLANG_WARN_ENUM_CONVERSION = YES;
				CLANG_WARN_INFINITE_RECURSION = YES;
				CLANG_WARN_INT_CONVERSION = YES;
				CLANG_WARN_NON_LITERAL_NULL_CONVERSION = YES;
				CLANG_WARN_OBJC_IMPLICIT_RETAIN_SELF = YES;
				CLANG_WARN_OBJC_LITERAL_CONVERSION = YES;
				CLANG_WARN_OBJC_ROOT_CLASS = YES_ERROR;
				CLANG_WARN_QUOTED_INCLUDE_IN_FRAMEWORK_HEADER = YES;
				CLANG_WARN_RANGE_LOOP_ANALYSIS = YES;
				CLANG_WARN_STRICT_PROTOTYPES = YES;
				CLANG_WARN_SUSPICIOUS_MOVE = YES;
				CLANG_WARN_UNGUARDED_AVAILABILITY = YES_AGGRESSIVE;
				CLANG_WARN_UNREACHABLE_CODE = YES;
				CLANG_WARN__DUPLICATE_METHOD_MATCH = YES;
				COPY_PHASE_STRIP = NO;
				DEBUG_INFORMATION_FORMAT = "dwarf-with-dsym";
				ENABLE_NS_ASSERTIONS = NO;
				ENABLE_STRICT_OBJC_MSGSEND = YES;
				ENABLE_USER_SCRIPT_SANDBOXING = YES;
				"EXCLUDED_ARCHS[sdk=iphonesimulator*]" = arm64;
				GCC_C_LANGUAGE_STANDARD = gnu17;
				GCC_NO_COMMON_BLOCKS = YES;
				GCC_WARN_64_TO_32_BIT_CONVERSION = YES;
				GCC_WARN_ABOUT_RETURN_TYPE = YES_ERROR;
				GCC_WARN_UNDECLARED_SELECTOR = YES;
				GCC_WARN_UNINITIALIZED_AUTOS = YES_AGGRESSIVE;
				GCC_WARN_UNUSED_FUNCTION = YES;
				GCC_WARN_UNUSED_VARIABLE = YES;
				IPHONEOS_DEPLOYMENT_TARGET = 17.5;
				LOCALIZATION_PREFERS_STRING_CATALOGS = YES;
				MTL_ENABLE_DEBUG_INFO = NO;
				MTL_FAST_MATH = YES;
				SDKROOT = iphoneos;
				SWIFT_COMPILATION_MODE = wholemodule;
				VALIDATE_PRODUCT = YES;
			};
			name = Release;
		};
		F150696E2C79398D00CA5989 /* Debug */ = {
			isa = XCBuildConfiguration;
			baseConfigurationReference = E7A9C709E1485607E7AB6032 /* Pods-ios-webrtc.debug.xcconfig */;
			buildSettings = {
				ASSETCATALOG_COMPILER_APPICON_NAME = AppIcon;
				ASSETCATALOG_COMPILER_GLOBAL_ACCENT_COLOR_NAME = AccentColor;
				CODE_SIGN_STYLE = Automatic;
				CURRENT_PROJECT_VERSION = 1;
				DEVELOPMENT_ASSET_PATHS = "\"ios-webrtc/Preview Content\"";
				DEVELOPMENT_TEAM = N77K6VMXZ7;
				ENABLE_PREVIEWS = YES;
				GENERATE_INFOPLIST_FILE = YES;
				INFOPLIST_FILE = "ios-webrtc/Info.plist";
				INFOPLIST_KEY_NSCameraUsageDescription = "Need camera access for uploading images";
				INFOPLIST_KEY_NSMicrophoneUsageDescription = "Need microphone access for uploading audio";
				INFOPLIST_KEY_UIApplicationSceneManifest_Generation = YES;
				INFOPLIST_KEY_UIApplicationSupportsIndirectInputEvents = YES;
				INFOPLIST_KEY_UILaunchScreen_Generation = YES;
				INFOPLIST_KEY_UISupportedInterfaceOrientations_iPad = "UIInterfaceOrientationPortrait UIInterfaceOrientationPortraitUpsideDown UIInterfaceOrientationLandscapeLeft UIInterfaceOrientationLandscapeRight";
				INFOPLIST_KEY_UISupportedInterfaceOrientations_iPhone = "UIInterfaceOrientationPortrait UIInterfaceOrientationLandscapeLeft UIInterfaceOrientationLandscapeRight";
				LD_RUNPATH_SEARCH_PATHS = (
					"$(inherited)",
					"@executable_path/Frameworks",
				);
				MARKETING_VERSION = 1.0;
				ONLY_ACTIVE_ARCH = YES;
				PRODUCT_BUNDLE_IDENTIFIER = "com.example.ios-webrtc";
				PRODUCT_NAME = "$(TARGET_NAME)";
				SWIFT_EMIT_LOC_STRINGS = YES;
				SWIFT_VERSION = 5.0;
				TARGETED_DEVICE_FAMILY = "1,2";
			};
			name = Debug;
		};
		F150696F2C79398D00CA5989 /* Release */ = {
			isa = XCBuildConfiguration;
			baseConfigurationReference = CECFF5C23FAAF1305E4B9D33 /* Pods-ios-webrtc.release.xcconfig */;
			buildSettings = {
				ASSETCATALOG_COMPILER_APPICON_NAME = AppIcon;
				ASSETCATALOG_COMPILER_GLOBAL_ACCENT_COLOR_NAME = AccentColor;
				CODE_SIGN_STYLE = Automatic;
				CURRENT_PROJECT_VERSION = 1;
				DEVELOPMENT_ASSET_PATHS = "\"ios-webrtc/Preview Content\"";
				DEVELOPMENT_TEAM = N77K6VMXZ7;
				ENABLE_PREVIEWS = YES;
				GENERATE_INFOPLIST_FILE = YES;
				INFOPLIST_FILE = "ios-webrtc/Info.plist";
				INFOPLIST_KEY_NSCameraUsageDescription = "Need camera access for uploading images";
				INFOPLIST_KEY_NSMicrophoneUsageDescription = "Need microphone access for uploading audio";
				INFOPLIST_KEY_UIApplicationSceneManifest_Generation = YES;
				INFOPLIST_KEY_UIApplicationSupportsIndirectInputEvents = YES;
				INFOPLIST_KEY_UILaunchScreen_Generation = YES;
				INFOPLIST_KEY_UISupportedInterfaceOrientations_iPad = "UIInterfaceOrientationPortrait UIInterfaceOrientationPortraitUpsideDown UIInterfaceOrientationLandscapeLeft UIInterfaceOrientationLandscapeRight";
				INFOPLIST_KEY_UISupportedInterfaceOrientations_iPhone = "UIInterfaceOrientationPortrait UIInterfaceOrientationLandscapeLeft UIInterfaceOrientationLandscapeRight";
				LD_RUNPATH_SEARCH_PATHS = (
					"$(inherited)",
					"@executable_path/Frameworks",
				);
				MARKETING_VERSION = 1.0;
				ONLY_ACTIVE_ARCH = NO;
				PRODUCT_BUNDLE_IDENTIFIER = "com.example.ios-webrtc";
				PRODUCT_NAME = "$(TARGET_NAME)";
				SWIFT_EMIT_LOC_STRINGS = YES;
				SWIFT_VERSION = 5.0;
				TARGETED_DEVICE_FAMILY = "1,2";
			};
			name = Release;
		};
/* End XCBuildConfiguration section */

/* Begin XCConfigurationList section */
		F150695A2C79398C00CA5989 /* Build configuration list for PBXProject "ios-webrtc" */ = {
			isa = XCConfigurationList;
			buildConfigurations = (
				F150696B2C79398D00CA5989 /* Debug */,
				F150696C2C79398D00CA5989 /* Release */,
			);
			defaultConfigurationIsVisible = 0;
			defaultConfigurationName = Release;
		};
		F150696D2C79398D00CA5989 /* Build configuration list for PBXNativeTarget "ios-webrtc" */ = {
			isa = XCConfigurationList;
			buildConfigurations = (
				F150696E2C79398D00CA5989 /* Debug */,
				F150696F2C79398D00CA5989 /* Release */,
			);
			defaultConfigurationIsVisible = 0;
			defaultConfigurationName = Release;
		};
/* End XCConfigurationList section */
	};
	rootObject = F15069572C79398C00CA5989 /* Project object */;
}
